PODS:
  - QBImagePickerController (3.4.0)
  - React (0.30.0):
    - React/Core (= 0.30.0)
  - react-native-image-crop-picker (0.5.0):
    - QBImagePickerController (= 3.4.0)
    - React (>= 0.26.1)
    - RSKImageCropper (= 1.5.1)
    - UIImage-Resize (~> 1.0)
  - React/Core (0.30.0)
  - React/RCTImage (0.30.0):
    - React/Core
    - React/RCTNetwork
  - React/RCTNetwork (0.30.0):
    - React/Core
  - React/RCTText (0.30.0):
    - React/Core
  - React/RCTWebSocket (0.30.0):
    - React/Core
  - RSKImageCropper (1.5.1)
  - UIImage-Resize (1.0.1)

DEPENDENCIES:
  - react-native-image-crop-picker (from `../../ios`)
  - React/Core (from `../node_modules/react-native`)
  - React/RCTImage (from `../node_modules/react-native`)
  - React/RCTNetwork (from `../node_modules/react-native`)
  - React/RCTText (from `../node_modules/react-native`)
  - React/RCTWebSocket (from `../node_modules/react-native`)

EXTERNAL SOURCES:
  React:
    :path: ../node_modules/react-native
  react-native-image-crop-picker:
    :path: ../../ios

SPEC CHECKSUMS:
  QBImagePickerController: d54cf93db6decf26baf6ed3472f336ef35cae022
  React: ed499ad8bb72560821a80fefa59e15a18f3ec75c
  react-native-image-crop-picker: 16f10164c90a0fde7807ec053609d7a0a241367c
  RSKImageCropper: edd65fedb3734332818deb139906d6b7f54b8a44
  UIImage-Resize: fa776860f10e6900bbaf53a73e494bdceaaccc77

COCOAPODS: 0.39.0
